
Microsoft Visual Studio Solution File, Format Version 12.00
# Visual Studio Version 17
VisualStudioVersion = 17.9.34728.123
MinimumVisualStudioVersion = 10.0.40219.1
Project("{FAE04EC0-301F-11D3-BF4B-00C04F79EFBC}") = "Tarea1", "Tarea1\Tarea1.csproj", "{A9DBDA2A-CDF6-416F-BE8C-C27E2F44716F}"
EndProject
Global
	GlobalSection(SolutionConfigurationPlatforms) = preSolution
		Debug|Any CPU = Debug|Any CPU
		Release|Any CPU = Release|Any CPU
	EndGlobalSection
	GlobalSection(ProjectConfigurationPlatforms) = postSolution
		{A9DBDA2A-CDF6-416F-BE8C-C27E2F44716F}.Debug|Any CPU.ActiveCfg = Debug|Any CPU
		{A9DBDA2A-CDF6-416F-BE8C-C27E2F44716F}.Debug|Any CPU.Build.0 = Debug|Any CPU
		{A9DBDA2A-CDF6-416F-BE8C-C27E2F44716F}.Release|Any CPU.ActiveCfg = Release|Any CPU
		{A9DBDA2A-CDF6-416F-BE8C-C27E2F44716F}.Release|Any CPU.Build.0 = Release|Any CPU
	EndGlobalSection
	GlobalSection(SolutionProperties) = preSolution
		HideSolutionNode = FALSE
	EndGlobalSection
	GlobalSection(ExtensibilityGlobals) = postSolution
		SolutionGuid = {8BE7EFBA-5594-441C-922F-09C207273B68}
	EndGlobalSection
EndGlobal
